
Microsoft Visual Studio Solution File, Format Version 12.00
Project("{FAE04EC0-301F-11D3-BF4B-00C04F79EFBC}") = "RandomAlgorithms", "RandomAlgorithms\RandomAlgorithms.csproj", "{4C11F52C-6BB7-4EB7-992A-24606FDADBF8}"
EndProject
Global
	GlobalSection(SolutionConfigurationPlatforms) = preSolution
		Debug|Any CPU = Debug|Any CPU
		Release|Any CPU = Release|Any CPU
	EndGlobalSection
	GlobalSection(ProjectConfigurationPlatforms) = postSolution
		{4C11F52C-6BB7-4EB7-992A-24606FDADBF8}.Debug|Any CPU.ActiveCfg = Debug|Any CPU
		{4C11F52C-6BB7-4EB7-992A-24606FDADBF8}.Debug|Any CPU.Build.0 = Debug|Any CPU
		{4C11F52C-6BB7-4EB7-992A-24606FDADBF8}.Release|Any CPU.ActiveCfg = Release|Any CPU
		{4C11F52C-6BB7-4EB7-992A-24606FDADBF8}.Release|Any CPU.Build.0 = Release|Any CPU
	EndGlobalSection
EndGlobal
