
Microsoft Visual Studio Solution File, Format Version 12.00
Project("{FAE04EC0-301F-11D3-BF4B-00C04F79EFBC}") = "TestProject", "TestProject\TestProject.csproj", "{643132A7-513F-4902-878D-BFC0323C5AF0}"
EndProject
Project("{FAE04EC0-301F-11D3-BF4B-00C04F79EFBC}") = "AnswerProgram", "AnswerProgram\AnswerProgram.csproj", "{0610A850-B7D2-4D97-A715-98AA7AAA3934}"
EndProject
Global
	GlobalSection(SolutionConfigurationPlatforms) = preSolution
		Debug|Any CPU = Debug|Any CPU
		Release|Any CPU = Release|Any CPU
	EndGlobalSection
	GlobalSection(ProjectConfigurationPlatforms) = postSolution
		{643132A7-513F-4902-878D-BFC0323C5AF0}.Debug|Any CPU.ActiveCfg = Debug|Any CPU
		{643132A7-513F-4902-878D-BFC0323C5AF0}.Debug|Any CPU.Build.0 = Debug|Any CPU
		{643132A7-513F-4902-878D-BFC0323C5AF0}.Release|Any CPU.ActiveCfg = Release|Any CPU
		{643132A7-513F-4902-878D-BFC0323C5AF0}.Release|Any CPU.Build.0 = Release|Any CPU
		{0610A850-B7D2-4D97-A715-98AA7AAA3934}.Debug|Any CPU.ActiveCfg = Debug|Any CPU
		{0610A850-B7D2-4D97-A715-98AA7AAA3934}.Debug|Any CPU.Build.0 = Debug|Any CPU
		{0610A850-B7D2-4D97-A715-98AA7AAA3934}.Release|Any CPU.ActiveCfg = Release|Any CPU
		{0610A850-B7D2-4D97-A715-98AA7AAA3934}.Release|Any CPU.Build.0 = Release|Any CPU
	EndGlobalSection
EndGlobal
